// !$*UTF8*$!
{
	archiveVersion = 1;
	classes = {
	};
	objectVersion = 55;
	objects = {

/* Begin PBXBuildFile section */
		37DA0BD027AA8B6C000A5D82 /* AppDelegate.swift in Sources */ = {isa = PBXBuildFile; fileRef = 37DA0BCF27AA8B6C000A5D82 /* AppDelegate.swift */; };
		37DA0BD227AA8B6C000A5D82 /* SceneDelegate.swift in Sources */ = {isa = PBXBuildFile; fileRef = 37DA0BD127AA8B6C000A5D82 /* SceneDelegate.swift */; };
		37DA0BD427AA8B6C000A5D82 /* ViewController.swift in Sources */ = {isa = PBXBuildFile; fileRef = 37DA0BD327AA8B6C000A5D82 /* ViewController.swift */; };
		37DA0BD927AA8B6D000A5D82 /* Assets.xcassets in Resources */ = {isa = PBXBuildFile; fileRef = 37DA0BD827AA8B6D000A5D82 /* Assets.xcassets */; };
		37DA0BDC27AA8B6D000A5D82 /* LaunchScreen.storyboard in Resources */ = {isa = PBXBuildFile; fileRef = 37DA0BDA27AA8B6D000A5D82 /* LaunchScreen.storyboard */; };
		37DA0BE727AA8B6D000A5D82 /* HeroesTests.swift in Sources */ = {isa = PBXBuildFile; fileRef = 37DA0BE627AA8B6D000A5D82 /* HeroesTests.swift */; };
		37DA0BF127AA8B6D000A5D82 /* HeroesUITests.swift in Sources */ = {isa = PBXBuildFile; fileRef = 37DA0BF027AA8B6D000A5D82 /* HeroesUITests.swift */; };
		37DA0BF327AA8B6D000A5D82 /* HeroesUITestsLaunchTests.swift in Sources */ = {isa = PBXBuildFile; fileRef = 37DA0BF227AA8B6D000A5D82 /* HeroesUITestsLaunchTests.swift */; };
		37DA0C0127AA8DD7000A5D82 /* HeroesListViewController.swift in Sources */ = {isa = PBXBuildFile; fileRef = 37DA0C0027AA8DD7000A5D82 /* HeroesListViewController.swift */; };
		37DA0C0527AA9713000A5D82 /* HeroCell.swift in Sources */ = {isa = PBXBuildFile; fileRef = 37DA0C0427AA9713000A5D82 /* HeroCell.swift */; };
		37DA0C0827AAA368000A5D82 /* Heroes.swift in Sources */ = {isa = PBXBuildFile; fileRef = 37DA0C0727AAA368000A5D82 /* Heroes.swift */; };
		37DA0C0A27AAA37B000A5D82 /* Avenger.swift in Sources */ = {isa = PBXBuildFile; fileRef = 37DA0C0927AAA37B000A5D82 /* Avenger.swift */; };
		37DA0C0D27AAA3B5000A5D82 /* APICaller.swift in Sources */ = {isa = PBXBuildFile; fileRef = 37DA0C0C27AAA3B5000A5D82 /* APICaller.swift */; };
		37DA0C1027AAA419000A5D82 /* URLExtension.swift in Sources */ = {isa = PBXBuildFile; fileRef = 37DA0C0F27AAA419000A5D82 /* URLExtension.swift */; };
		37DA0C1227AAA4F8000A5D82 /* APICaller+Heroes.swift in Sources */ = {isa = PBXBuildFile; fileRef = 37DA0C1127AAA4F8000A5D82 /* APICaller+Heroes.swift */; };
		37DA0C1527AAB67F000A5D82 /* SDWebImage in Frameworks */ = {isa = PBXBuildFile; productRef = 37DA0C1427AAB67F000A5D82 /* SDWebImage */; };
		37DA0C1727AABAF3000A5D82 /* MapViewController.swift in Sources */ = {isa = PBXBuildFile; fileRef = 37DA0C1627AABAF3000A5D82 /* MapViewController.swift */; };
/* End PBXBuildFile section */

/* Begin PBXContainerItemProxy section */
		37DA0BE327AA8B6D000A5D82 /* PBXContainerItemProxy */ = {
			isa = PBXContainerItemProxy;
			containerPortal = 37DA0BC427AA8B6C000A5D82 /* Project object */;
			proxyType = 1;
			remoteGlobalIDString = 37DA0BCB27AA8B6C000A5D82;
			remoteInfo = Heroes;
		};
		37DA0BED27AA8B6D000A5D82 /* PBXContainerItemProxy */ = {
			isa = PBXContainerItemProxy;
			containerPortal = 37DA0BC427AA8B6C000A5D82 /* Project object */;
			proxyType = 1;
			remoteGlobalIDString = 37DA0BCB27AA8B6C000A5D82;
			remoteInfo = Heroes;
		};
/* End PBXContainerItemProxy section */

/* Begin PBXFileReference section */
		37DA0BCC27AA8B6C000A5D82 /* Heroes.app */ = {isa = PBXFileReference; explicitFileType = wrapper.application; includeInIndex = 0; path = Heroes.app; sourceTree = BUILT_PRODUCTS_DIR; };
		37DA0BCF27AA8B6C000A5D82 /* AppDelegate.swift */ = {isa = PBXFileReference; lastKnownFileType = sourcecode.swift; path = AppDelegate.swift; sourceTree = "<group>"; };
		37DA0BD127AA8B6C000A5D82 /* SceneDelegate.swift */ = {isa = PBXFileReference; lastKnownFileType = sourcecode.swift; path = SceneDelegate.swift; sourceTree = "<group>"; };
		37DA0BD327AA8B6C000A5D82 /* ViewController.swift */ = {isa = PBXFileReference; lastKnownFileType = sourcecode.swift; path = ViewController.swift; sourceTree = "<group>"; };
		37DA0BD827AA8B6D000A5D82 /* Assets.xcassets */ = {isa = PBXFileReference; lastKnownFileType = folder.assetcatalog; path = Assets.xcassets; sourceTree = "<group>"; };
		37DA0BDB27AA8B6D000A5D82 /* Base */ = {isa = PBXFileReference; lastKnownFileType = file.storyboard; name = Base; path = Base.lproj/LaunchScreen.storyboard; sourceTree = "<group>"; };
		37DA0BDD27AA8B6D000A5D82 /* Info.plist */ = {isa = PBXFileReference; lastKnownFileType = text.plist.xml; path = Info.plist; sourceTree = "<group>"; };
		37DA0BE227AA8B6D000A5D82 /* HeroesTests.xctest */ = {isa = PBXFileReference; explicitFileType = wrapper.cfbundle; includeInIndex = 0; path = HeroesTests.xctest; sourceTree = BUILT_PRODUCTS_DIR; };
		37DA0BE627AA8B6D000A5D82 /* HeroesTests.swift */ = {isa = PBXFileReference; lastKnownFileType = sourcecode.swift; path = HeroesTests.swift; sourceTree = "<group>"; };
		37DA0BEC27AA8B6D000A5D82 /* HeroesUITests.xctest */ = {isa = PBXFileReference; explicitFileType = wrapper.cfbundle; includeInIndex = 0; path = HeroesUITests.xctest; sourceTree = BUILT_PRODUCTS_DIR; };
		37DA0BF027AA8B6D000A5D82 /* HeroesUITests.swift */ = {isa = PBXFileReference; lastKnownFileType = sourcecode.swift; path = HeroesUITests.swift; sourceTree = "<group>"; };
		37DA0BF227AA8B6D000A5D82 /* HeroesUITestsLaunchTests.swift */ = {isa = PBXFileReference; lastKnownFileType = sourcecode.swift; path = HeroesUITestsLaunchTests.swift; sourceTree = "<group>"; };
		37DA0C0027AA8DD7000A5D82 /* HeroesListViewController.swift */ = {isa = PBXFileReference; lastKnownFileType = sourcecode.swift; path = HeroesListViewController.swift; sourceTree = "<group>"; };
		37DA0C0427AA9713000A5D82 /* HeroCell.swift */ = {isa = PBXFileReference; lastKnownFileType = sourcecode.swift; path = HeroCell.swift; sourceTree = "<group>"; };
		37DA0C0727AAA368000A5D82 /* Heroes.swift */ = {isa = PBXFileReference; lastKnownFileType = sourcecode.swift; path = Heroes.swift; sourceTree = "<group>"; };
		37DA0C0927AAA37B000A5D82 /* Avenger.swift */ = {isa = PBXFileReference; lastKnownFileType = sourcecode.swift; path = Avenger.swift; sourceTree = "<group>"; };
		37DA0C0C27AAA3B5000A5D82 /* APICaller.swift */ = {isa = PBXFileReference; lastKnownFileType = sourcecode.swift; path = APICaller.swift; sourceTree = "<group>"; };
		37DA0C0F27AAA419000A5D82 /* URLExtension.swift */ = {isa = PBXFileReference; lastKnownFileType = sourcecode.swift; path = URLExtension.swift; sourceTree = "<group>"; };
		37DA0C1127AAA4F8000A5D82 /* APICaller+Heroes.swift */ = {isa = PBXFileReference; lastKnownFileType = sourcecode.swift; path = "APICaller+Heroes.swift"; sourceTree = "<group>"; };
		37DA0C1627AABAF3000A5D82 /* MapViewController.swift */ = {isa = PBXFileReference; lastKnownFileType = sourcecode.swift; path = MapViewController.swift; sourceTree = "<group>"; };
/* End PBXFileReference section */

/* Begin PBXFrameworksBuildPhase section */
		37DA0BC927AA8B6C000A5D82 /* Frameworks */ = {
			isa = PBXFrameworksBuildPhase;
			buildActionMask = 2147483647;
			files = (
				37DA0C1527AAB67F000A5D82 /* SDWebImage in Frameworks */,
			);
			runOnlyForDeploymentPostprocessing = 0;
		};
		37DA0BDF27AA8B6D000A5D82 /* Frameworks */ = {
			isa = PBXFrameworksBuildPhase;
			buildActionMask = 2147483647;
			files = (
			);
			runOnlyForDeploymentPostprocessing = 0;
		};
		37DA0BE927AA8B6D000A5D82 /* Frameworks */ = {
			isa = PBXFrameworksBuildPhase;
			buildActionMask = 2147483647;
			files = (
			);
			runOnlyForDeploymentPostprocessing = 0;
		};
/* End PBXFrameworksBuildPhase section */

/* Begin PBXGroup section */
		37DA0BC327AA8B6C000A5D82 = {
			isa = PBXGroup;
			children = (
				37DA0BCE27AA8B6C000A5D82 /* Heroes */,
				37DA0BE527AA8B6D000A5D82 /* HeroesTests */,
				37DA0BEF27AA8B6D000A5D82 /* HeroesUITests */,
				37DA0BCD27AA8B6C000A5D82 /* Products */,
			);
			sourceTree = "<group>";
		};
		37DA0BCD27AA8B6C000A5D82 /* Products */ = {
			isa = PBXGroup;
			children = (
				37DA0BCC27AA8B6C000A5D82 /* Heroes.app */,
				37DA0BE227AA8B6D000A5D82 /* HeroesTests.xctest */,
				37DA0BEC27AA8B6D000A5D82 /* HeroesUITests.xctest */,
			);
			name = Products;
			sourceTree = "<group>";
		};
		37DA0BCE27AA8B6C000A5D82 /* Heroes */ = {
			isa = PBXGroup;
			children = (
				37DA0C0E27AAA40C000A5D82 /* Extensions */,
				37DA0C0B27AAA3AB000A5D82 /* APICaller */,
				37DA0C0627AAA34A000A5D82 /* Models */,
				37DA0C0227AA96C3000A5D82 /* Views */,
				37DA0BFF27AA8DB4000A5D82 /* Controllers */,
				37DA0BCF27AA8B6C000A5D82 /* AppDelegate.swift */,
				37DA0BD127AA8B6C000A5D82 /* SceneDelegate.swift */,
				37DA0BD327AA8B6C000A5D82 /* ViewController.swift */,
				37DA0BD827AA8B6D000A5D82 /* Assets.xcassets */,
				37DA0BDA27AA8B6D000A5D82 /* LaunchScreen.storyboard */,
				37DA0BDD27AA8B6D000A5D82 /* Info.plist */,
			);
			path = Heroes;
			sourceTree = "<group>";
		};
		37DA0BE527AA8B6D000A5D82 /* HeroesTests */ = {
			isa = PBXGroup;
			children = (
				37DA0BE627AA8B6D000A5D82 /* HeroesTests.swift */,
			);
			path = HeroesTests;
			sourceTree = "<group>";
		};
		37DA0BEF27AA8B6D000A5D82 /* HeroesUITests */ = {
			isa = PBXGroup;
			children = (
				37DA0BF027AA8B6D000A5D82 /* HeroesUITests.swift */,
				37DA0BF227AA8B6D000A5D82 /* HeroesUITestsLaunchTests.swift */,
			);
			path = HeroesUITests;
			sourceTree = "<group>";
		};
		37DA0BFF27AA8DB4000A5D82 /* Controllers */ = {
			isa = PBXGroup;
			children = (
				37DA0C0027AA8DD7000A5D82 /* HeroesListViewController.swift */,
				37DA0C1627AABAF3000A5D82 /* MapViewController.swift */,
			);
			path = Controllers;
			sourceTree = "<group>";
		};
		37DA0C0227AA96C3000A5D82 /* Views */ = {
			isa = PBXGroup;
			children = (
				37DA0C0327AA96CB000A5D82 /* Cells */,
			);
			path = Views;
			sourceTree = "<group>";
		};
		37DA0C0327AA96CB000A5D82 /* Cells */ = {
			isa = PBXGroup;
			children = (
				37DA0C0427AA9713000A5D82 /* HeroCell.swift */,
			);
			path = Cells;
			sourceTree = "<group>";
		};
		37DA0C0627AAA34A000A5D82 /* Models */ = {
			isa = PBXGroup;
			children = (
				37DA0C0727AAA368000A5D82 /* Heroes.swift */,
				37DA0C0927AAA37B000A5D82 /* Avenger.swift */,
			);
			path = Models;
			sourceTree = "<group>";
		};
		37DA0C0B27AAA3AB000A5D82 /* APICaller */ = {
			isa = PBXGroup;
			children = (
				37DA0C0C27AAA3B5000A5D82 /* APICaller.swift */,
				37DA0C1127AAA4F8000A5D82 /* APICaller+Heroes.swift */,
			);
			path = APICaller;
			sourceTree = "<group>";
		};
		37DA0C0E27AAA40C000A5D82 /* Extensions */ = {
			isa = PBXGroup;
			children = (
				37DA0C0F27AAA419000A5D82 /* URLExtension.swift */,
			);
			path = Extensions;
			sourceTree = "<group>";
		};
/* End PBXGroup section */

/* Begin PBXNativeTarget section */
		37DA0BCB27AA8B6C000A5D82 /* Heroes */ = {
			isa = PBXNativeTarget;
			buildConfigurationList = 37DA0BF627AA8B6D000A5D82 /* Build configuration list for PBXNativeTarget "Heroes" */;
			buildPhases = (
				37DA0BC827AA8B6C000A5D82 /* Sources */,
				37DA0BC927AA8B6C000A5D82 /* Frameworks */,
				37DA0BCA27AA8B6C000A5D82 /* Resources */,
			);
			buildRules = (
			);
			dependencies = (
			);
			name = Heroes;
			packageProductDependencies = (
				37DA0C1427AAB67F000A5D82 /* SDWebImage */,
			);
			productName = Heroes;
			productReference = 37DA0BCC27AA8B6C000A5D82 /* Heroes.app */;
			productType = "com.apple.product-type.application";
		};
		37DA0BE127AA8B6D000A5D82 /* HeroesTests */ = {
			isa = PBXNativeTarget;
			buildConfigurationList = 37DA0BF927AA8B6D000A5D82 /* Build configuration list for PBXNativeTarget "HeroesTests" */;
			buildPhases = (
				37DA0BDE27AA8B6D000A5D82 /* Sources */,
				37DA0BDF27AA8B6D000A5D82 /* Frameworks */,
				37DA0BE027AA8B6D000A5D82 /* Resources */,
			);
			buildRules = (
			);
			dependencies = (
				37DA0BE427AA8B6D000A5D82 /* PBXTargetDependency */,
			);
			name = HeroesTests;
			productName = HeroesTests;
			productReference = 37DA0BE227AA8B6D000A5D82 /* HeroesTests.xctest */;
			productType = "com.apple.product-type.bundle.unit-test";
		};
		37DA0BEB27AA8B6D000A5D82 /* HeroesUITests */ = {
			isa = PBXNativeTarget;
			buildConfigurationList = 37DA0BFC27AA8B6D000A5D82 /* Build configuration list for PBXNativeTarget "HeroesUITests" */;
			buildPhases = (
				37DA0BE827AA8B6D000A5D82 /* Sources */,
				37DA0BE927AA8B6D000A5D82 /* Frameworks */,
				37DA0BEA27AA8B6D000A5D82 /* Resources */,
			);
			buildRules = (
			);
			dependencies = (
				37DA0BEE27AA8B6D000A5D82 /* PBXTargetDependency */,
			);
			name = HeroesUITests;
			productName = HeroesUITests;
			productReference = 37DA0BEC27AA8B6D000A5D82 /* HeroesUITests.xctest */;
			productType = "com.apple.product-type.bundle.ui-testing";
		};
/* End PBXNativeTarget section */

/* Begin PBXProject section */
		37DA0BC427AA8B6C000A5D82 /* Project object */ = {
			isa = PBXProject;
			attributes = {
				BuildIndependentTargetsInParallel = 1;
				LastSwiftUpdateCheck = 1320;
				LastUpgradeCheck = 1320;
				TargetAttributes = {
					37DA0BCB27AA8B6C000A5D82 = {
						CreatedOnToolsVersion = 13.2.1;
					};
					37DA0BE127AA8B6D000A5D82 = {
						CreatedOnToolsVersion = 13.2.1;
						TestTargetID = 37DA0BCB27AA8B6C000A5D82;
					};
					37DA0BEB27AA8B6D000A5D82 = {
						CreatedOnToolsVersion = 13.2.1;
						TestTargetID = 37DA0BCB27AA8B6C000A5D82;
					};
				};
			};
			buildConfigurationList = 37DA0BC727AA8B6C000A5D82 /* Build configuration list for PBXProject "Heroes" */;
			compatibilityVersion = "Xcode 13.0";
			developmentRegion = en;
			hasScannedForEncodings = 0;
			knownRegions = (
				en,
				Base,
			);
			mainGroup = 37DA0BC327AA8B6C000A5D82;
			packageReferences = (
				37DA0C1327AAB67F000A5D82 /* XCRemoteSwiftPackageReference "SDWebImage" */,
			);
			productRefGroup = 37DA0BCD27AA8B6C000A5D82 /* Products */;
			projectDirPath = "";
			projectRoot = "";
			targets = (
				37DA0BCB27AA8B6C000A5D82 /* Heroes */,
				37DA0BE127AA8B6D000A5D82 /* HeroesTests */,
				37DA0BEB27AA8B6D000A5D82 /* HeroesUITests */,
			);
		};
/* End PBXProject section */

/* Begin PBXResourcesBuildPhase section */
		37DA0BCA27AA8B6C000A5D82 /* Resources */ = {
			isa = PBXResourcesBuildPhase;
			buildActionMask = 2147483647;
			files = (
				37DA0BDC27AA8B6D000A5D82 /* LaunchScreen.storyboard in Resources */,
				37DA0BD927AA8B6D000A5D82 /* Assets.xcassets in Resources */,
			);
			runOnlyForDeploymentPostprocessing = 0;
		};
		37DA0BE027AA8B6D000A5D82 /* Resources */ = {
			isa = PBXResourcesBuildPhase;
			buildActionMask = 2147483647;
			files = (
			);
			runOnlyForDeploymentPostprocessing = 0;
		};
		37DA0BEA27AA8B6D000A5D82 /* Resources */ = {
			isa = PBXResourcesBuildPhase;
			buildActionMask = 2147483647;
			files = (
			);
			runOnlyForDeploymentPostprocessing = 0;
		};
/* End PBXResourcesBuildPhase section */

/* Begin PBXSourcesBuildPhase section */
		37DA0BC827AA8B6C000A5D82 /* Sources */ = {
			isa = PBXSourcesBuildPhase;
			buildActionMask = 2147483647;
			files = (
				37DA0C1727AABAF3000A5D82 /* MapViewController.swift in Sources */,
				37DA0C0527AA9713000A5D82 /* HeroCell.swift in Sources */,
				37DA0C0A27AAA37B000A5D82 /* Avenger.swift in Sources */,
				37DA0BD427AA8B6C000A5D82 /* ViewController.swift in Sources */,
				37DA0BD027AA8B6C000A5D82 /* AppDelegate.swift in Sources */,
				37DA0C0827AAA368000A5D82 /* Heroes.swift in Sources */,
				37DA0C1227AAA4F8000A5D82 /* APICaller+Heroes.swift in Sources */,
				37DA0C1027AAA419000A5D82 /* URLExtension.swift in Sources */,
				37DA0C0127AA8DD7000A5D82 /* HeroesListViewController.swift in Sources */,
				37DA0BD227AA8B6C000A5D82 /* SceneDelegate.swift in Sources */,
				37DA0C0D27AAA3B5000A5D82 /* APICaller.swift in Sources */,
			);
			runOnlyForDeploymentPostprocessing = 0;
		};
		37DA0BDE27AA8B6D000A5D82 /* Sources */ = {
			isa = PBXSourcesBuildPhase;
			buildActionMask = 2147483647;
			files = (
				37DA0BE727AA8B6D000A5D82 /* HeroesTests.swift in Sources */,
			);
			runOnlyForDeploymentPostprocessing = 0;
		};
		37DA0BE827AA8B6D000A5D82 /* Sources */ = {
			isa = PBXSourcesBuildPhase;
			buildActionMask = 2147483647;
			files = (
				37DA0BF327AA8B6D000A5D82 /* HeroesUITestsLaunchTests.swift in Sources */,
				37DA0BF127AA8B6D000A5D82 /* HeroesUITests.swift in Sources */,
			);
			runOnlyForDeploymentPostprocessing = 0;
		};
/* End PBXSourcesBuildPhase section */

/* Begin PBXTargetDependency section */
		37DA0BE427AA8B6D000A5D82 /* PBXTargetDependency */ = {
			isa = PBXTargetDependency;
			target = 37DA0BCB27AA8B6C000A5D82 /* Heroes */;
			targetProxy = 37DA0BE327AA8B6D000A5D82 /* PBXContainerItemProxy */;
		};
		37DA0BEE27AA8B6D000A5D82 /* PBXTargetDependency */ = {
			isa = PBXTargetDependency;
			target = 37DA0BCB27AA8B6C000A5D82 /* Heroes */;
			targetProxy = 37DA0BED27AA8B6D000A5D82 /* PBXContainerItemProxy */;
		};
/* End PBXTargetDependency section */

/* Begin PBXVariantGroup section */
		37DA0BDA27AA8B6D000A5D82 /* LaunchScreen.storyboard */ = {
			isa = PBXVariantGroup;
			children = (
				37DA0BDB27AA8B6D000A5D82 /* Base */,
			);
			name = LaunchScreen.storyboard;
			sourceTree = "<group>";
		};
/* End PBXVariantGroup section */

/* Begin XCBuildConfiguration section */
		37DA0BF427AA8B6D000A5D82 /* Debug */ = {
			isa = XCBuildConfiguration;
			buildSettings = {
				ALWAYS_SEARCH_USER_PATHS = NO;
				CLANG_ANALYZER_NONNULL = YES;
				CLANG_ANALYZER_NUMBER_OBJECT_CONVERSION = YES_AGGRESSIVE;
				CLANG_CXX_LANGUAGE_STANDARD = "gnu++17";
				CLANG_CXX_LIBRARY = "libc++";
				CLANG_ENABLE_MODULES = YES;
				CLANG_ENABLE_OBJC_ARC = YES;
				CLANG_ENABLE_OBJC_WEAK = YES;
				CLANG_WARN_BLOCK_CAPTURE_AUTORELEASING = YES;
				CLANG_WARN_BOOL_CONVERSION = YES;
				CLANG_WARN_COMMA = YES;
				CLANG_WARN_CONSTANT_CONVERSION = YES;
				CLANG_WARN_DEPRECATED_OBJC_IMPLEMENTATIONS = YES;
				CLANG_WARN_DIRECT_OBJC_ISA_USAGE = YES_ERROR;
				CLANG_WARN_DOCUMENTATION_COMMENTS = YES;
				CLANG_WARN_EMPTY_BODY = YES;
				CLANG_WARN_ENUM_CONVERSION = YES;
				CLANG_WARN_INFINITE_RECURSION = YES;
				CLANG_WARN_INT_CONVERSION = YES;
				CLANG_WARN_NON_LITERAL_NULL_CONVERSION = YES;
				CLANG_WARN_OBJC_IMPLICIT_RETAIN_SELF = YES;
				CLANG_WARN_OBJC_LITERAL_CONVERSION = YES;
				CLANG_WARN_OBJC_ROOT_CLASS = YES_ERROR;
				CLANG_WARN_QUOTED_INCLUDE_IN_FRAMEWORK_HEADER = YES;
				CLANG_WARN_RANGE_LOOP_ANALYSIS = YES;
				CLANG_WARN_STRICT_PROTOTYPES = YES;
				CLANG_WARN_SUSPICIOUS_MOVE = YES;
				CLANG_WARN_UNGUARDED_AVAILABILITY = YES_AGGRESSIVE;
				CLANG_WARN_UNREACHABLE_CODE = YES;
				CLANG_WARN__DUPLICATE_METHOD_MATCH = YES;
				COPY_PHASE_STRIP = NO;
				DEBUG_INFORMATION_FORMAT = dwarf;
				ENABLE_STRICT_OBJC_MSGSEND = YES;
				ENABLE_TESTABILITY = YES;
				GCC_C_LANGUAGE_STANDARD = gnu11;
				GCC_DYNAMIC_NO_PIC = NO;
				GCC_NO_COMMON_BLOCKS = YES;
				GCC_OPTIMIZATION_LEVEL = 0;
				GCC_PREPROCESSOR_DEFINITIONS = (
					"DEBUG=1",
					"$(inherited)",
				);
				GCC_WARN_64_TO_32_BIT_CONVERSION = YES;
				GCC_WARN_ABOUT_RETURN_TYPE = YES_ERROR;
				GCC_WARN_UNDECLARED_SELECTOR = YES;
				GCC_WARN_UNINITIALIZED_AUTOS = YES_AGGRESSIVE;
				GCC_WARN_UNUSED_FUNCTION = YES;
				GCC_WARN_UNUSED_VARIABLE = YES;
				IPHONEOS_DEPLOYMENT_TARGET = 15.2;
				MTL_ENABLE_DEBUG_INFO = INCLUDE_SOURCE;
				MTL_FAST_MATH = YES;
				ONLY_ACTIVE_ARCH = YES;
				SDKROOT = iphoneos;
				SWIFT_ACTIVE_COMPILATION_CONDITIONS = DEBUG;
				SWIFT_OPTIMIZATION_LEVEL = "-Onone";
			};
			name = Debug;
		};
		37DA0BF527AA8B6D000A5D82 /* Release */ = {
			isa = XCBuildConfiguration;
			buildSettings = {
				ALWAYS_SEARCH_USER_PATHS = NO;
				CLANG_ANALYZER_NONNULL = YES;
				CLANG_ANALYZER_NUMBER_OBJECT_CONVERSION = YES_AGGRESSIVE;
				CLANG_CXX_LANGUAGE_STANDARD = "gnu++17";
				CLANG_CXX_LIBRARY = "libc++";
				CLANG_ENABLE_MODULES = YES;
				CLANG_ENABLE_OBJC_ARC = YES;
				CLANG_ENABLE_OBJC_WEAK = YES;
				CLANG_WARN_BLOCK_CAPTURE_AUTORELEASING = YES;
				CLANG_WARN_BOOL_CONVERSION = YES;
				CLANG_WARN_COMMA = YES;
				CLANG_WARN_CONSTANT_CONVERSION = YES;
				CLANG_WARN_DEPRECATED_OBJC_IMPLEMENTATIONS = YES;
				CLANG_WARN_DIRECT_OBJC_ISA_USAGE = YES_ERROR;
				CLANG_WARN_DOCUMENTATION_COMMENTS = YES;
				CLANG_WARN_EMPTY_BODY = YES;
				CLANG_WARN_ENUM_CONVERSION = YES;
				CLANG_WARN_INFINITE_RECURSION = YES;
				CLANG_WARN_INT_CONVERSION = YES;
				CLANG_WARN_NON_LITERAL_NULL_CONVERSION = YES;
				CLANG_WARN_OBJC_IMPLICIT_RETAIN_SELF = YES;
				CLANG_WARN_OBJC_LITERAL_CONVERSION = YES;
				CLANG_WARN_OBJC_ROOT_CLASS = YES_ERROR;
				CLANG_WARN_QUOTED_INCLUDE_IN_FRAMEWORK_HEADER = YES;
				CLANG_WARN_RANGE_LOOP_ANALYSIS = YES;
				CLANG_WARN_STRICT_PROTOTYPES = YES;
				CLANG_WARN_SUSPICIOUS_MOVE = YES;
				CLANG_WARN_UNGUARDED_AVAILABILITY = YES_AGGRESSIVE;
				CLANG_WARN_UNREACHABLE_CODE = YES;
				CLANG_WARN__DUPLICATE_METHOD_MATCH = YES;
				COPY_PHASE_STRIP = NO;
				DEBUG_INFORMATION_FORMAT = "dwarf-with-dsym";
				ENABLE_NS_ASSERTIONS = NO;
				ENABLE_STRICT_OBJC_MSGSEND = YES;
				GCC_C_LANGUAGE_STANDARD = gnu11;
				GCC_NO_COMMON_BLOCKS = YES;
				GCC_WARN_64_TO_32_BIT_CONVERSION = YES;
				GCC_WARN_ABOUT_RETURN_TYPE = YES_ERROR;
				GCC_WARN_UNDECLARED_SELECTOR = YES;
				GCC_WARN_UNINITIALIZED_AUTOS = YES_AGGRESSIVE;
				GCC_WARN_UNUSED_FUNCTION = YES;
				GCC_WARN_UNUSED_VARIABLE = YES;
				IPHONEOS_DEPLOYMENT_TARGET = 15.2;
				MTL_ENABLE_DEBUG_INFO = NO;
				MTL_FAST_MATH = YES;
				SDKROOT = iphoneos;
				SWIFT_COMPILATION_MODE = wholemodule;
				SWIFT_OPTIMIZATION_LEVEL = "-O";
				VALIDATE_PRODUCT = YES;
			};
			name = Release;
		};
		37DA0BF727AA8B6D000A5D82 /* Debug */ = {
			isa = XCBuildConfiguration;
			buildSettings = {
				ASSETCATALOG_COMPILER_APPICON_NAME = AppIcon;
				ASSETCATALOG_COMPILER_GLOBAL_ACCENT_COLOR_NAME = AccentColor;
				CODE_SIGN_STYLE = Automatic;
				CURRENT_PROJECT_VERSION = 1;
				DEVELOPMENT_TEAM = 6BZ45VV3SM;
				GENERATE_INFOPLIST_FILE = YES;
				INFOPLIST_FILE = Heroes/Info.plist;
				INFOPLIST_KEY_UIApplicationSupportsIndirectInputEvents = YES;
				INFOPLIST_KEY_UILaunchStoryboardName = LaunchScreen;
				INFOPLIST_KEY_UIMainStoryboardFile = "";
				INFOPLIST_KEY_UISupportedInterfaceOrientations_iPad = "UIInterfaceOrientationPortrait UIInterfaceOrientationPortraitUpsideDown UIInterfaceOrientationLandscapeLeft UIInterfaceOrientationLandscapeRight";
				INFOPLIST_KEY_UISupportedInterfaceOrientations_iPhone = "UIInterfaceOrientationPortrait UIInterfaceOrientationLandscapeLeft UIInterfaceOrientationLandscapeRight";
				LD_RUNPATH_SEARCH_PATHS = (
					"$(inherited)",
					"@executable_path/Frameworks",
				);
				MARKETING_VERSION = 1.0;
				PRODUCT_BUNDLE_IDENTIFIER = adamcseke.Heroes;
				PRODUCT_NAME = "$(TARGET_NAME)";
				SWIFT_EMIT_LOC_STRINGS = YES;
				SWIFT_VERSION = 5.0;
				TARGETED_DEVICE_FAMILY = "1,2";
			};
			name = Debug;
		};
		37DA0BF827AA8B6D000A5D82 /* Release */ = {
			isa = XCBuildConfiguration;
			buildSettings = {
				ASSETCATALOG_COMPILER_APPICON_NAME = AppIcon;
				ASSETCATALOG_COMPILER_GLOBAL_ACCENT_COLOR_NAME = AccentColor;
				CODE_SIGN_STYLE = Automatic;
				CURRENT_PROJECT_VERSION = 1;
				DEVELOPMENT_TEAM = 6BZ45VV3SM;
				GENERATE_INFOPLIST_FILE = YES;
				INFOPLIST_FILE = Heroes/Info.plist;
				INFOPLIST_KEY_UIApplicationSupportsIndirectInputEvents = YES;
				INFOPLIST_KEY_UILaunchStoryboardName = LaunchScreen;
				INFOPLIST_KEY_UIMainStoryboardFile = "";
				INFOPLIST_KEY_UISupportedInterfaceOrientations_iPad = "UIInterfaceOrientationPortrait UIInterfaceOrientationPortraitUpsideDown UIInterfaceOrientationLandscapeLeft UIInterfaceOrientationLandscapeRight";
				INFOPLIST_KEY_UISupportedInterfaceOrientations_iPhone = "UIInterfaceOrientationPortrait UIInterfaceOrientationLandscapeLeft UIInterfaceOrientationLandscapeRight";
				LD_RUNPATH_SEARCH_PATHS = (
					"$(inherited)",
					"@executable_path/Frameworks",
				);
				MARKETING_VERSION = 1.0;
				PRODUCT_BUNDLE_IDENTIFIER = adamcseke.Heroes;
				PRODUCT_NAME = "$(TARGET_NAME)";
				SWIFT_EMIT_LOC_STRINGS = YES;
				SWIFT_VERSION = 5.0;
				TARGETED_DEVICE_FAMILY = "1,2";
			};
			name = Release;
		};
		37DA0BFA27AA8B6D000A5D82 /* Debug */ = {
			isa = XCBuildConfiguration;
			buildSettings = {
				ALWAYS_EMBED_SWIFT_STANDARD_LIBRARIES = YES;
				BUNDLE_LOADER = "$(TEST_HOST)";
				CODE_SIGN_STYLE = Automatic;
				CURRENT_PROJECT_VERSION = 1;
				DEVELOPMENT_TEAM = 6BZ45VV3SM;
				GENERATE_INFOPLIST_FILE = YES;
				IPHONEOS_DEPLOYMENT_TARGET = 15.2;
				MARKETING_VERSION = 1.0;
				PRODUCT_BUNDLE_IDENTIFIER = adamcseke.HeroesTests;
				PRODUCT_NAME = "$(TARGET_NAME)";
				SWIFT_EMIT_LOC_STRINGS = NO;
				SWIFT_VERSION = 5.0;
				TARGETED_DEVICE_FAMILY = "1,2";
				TEST_HOST = "$(BUILT_PRODUCTS_DIR)/Heroes.app/Heroes";
			};
			name = Debug;
		};
		37DA0BFB27AA8B6D000A5D82 /* Release */ = {
			isa = XCBuildConfiguration;
			buildSettings = {
				ALWAYS_EMBED_SWIFT_STANDARD_LIBRARIES = YES;
				BUNDLE_LOADER = "$(TEST_HOST)";
				CODE_SIGN_STYLE = Automatic;
				CURRENT_PROJECT_VERSION = 1;
				DEVELOPMENT_TEAM = 6BZ45VV3SM;
				GENERATE_INFOPLIST_FILE = YES;
				IPHONEOS_DEPLOYMENT_TARGET = 15.2;
				MARKETING_VERSION = 1.0;
				PRODUCT_BUNDLE_IDENTIFIER = adamcseke.HeroesTests;
				PRODUCT_NAME = "$(TARGET_NAME)";
				SWIFT_EMIT_LOC_STRINGS = NO;
				SWIFT_VERSION = 5.0;
				TARGETED_DEVICE_FAMILY = "1,2";
				TEST_HOST = "$(BUILT_PRODUCTS_DIR)/Heroes.app/Heroes";
			};
			name = Release;
		};
		37DA0BFD27AA8B6D000A5D82 /* Debug */ = {
			isa = XCBuildConfiguration;
			buildSettings = {
				ALWAYS_EMBED_SWIFT_STANDARD_LIBRARIES = YES;
				CODE_SIGN_STYLE = Automatic;
				CURRENT_PROJECT_VERSION = 1;
				DEVELOPMENT_TEAM = 6BZ45VV3SM;
				GENERATE_INFOPLIST_FILE = YES;
				MARKETING_VERSION = 1.0;
				PRODUCT_BUNDLE_IDENTIFIER = adamcseke.HeroesUITests;
				PRODUCT_NAME = "$(TARGET_NAME)";
				SWIFT_EMIT_LOC_STRINGS = NO;
				SWIFT_VERSION = 5.0;
				TARGETED_DEVICE_FAMILY = "1,2";
				TEST_TARGET_NAME = Heroes;
			};
			name = Debug;
		};
		37DA0BFE27AA8B6D000A5D82 /* Release */ = {
			isa = XCBuildConfiguration;
			buildSettings = {
				ALWAYS_EMBED_SWIFT_STANDARD_LIBRARIES = YES;
				CODE_SIGN_STYLE = Automatic;
				CURRENT_PROJECT_VERSION = 1;
				DEVELOPMENT_TEAM = 6BZ45VV3SM;
				GENERATE_INFOPLIST_FILE = YES;
				MARKETING_VERSION = 1.0;
				PRODUCT_BUNDLE_IDENTIFIER = adamcseke.HeroesUITests;
				PRODUCT_NAME = "$(TARGET_NAME)";
				SWIFT_EMIT_LOC_STRINGS = NO;
				SWIFT_VERSION = 5.0;
				TARGETED_DEVICE_FAMILY = "1,2";
				TEST_TARGET_NAME = Heroes;
			};
			name = Release;
		};
/* End XCBuildConfiguration section */

/* Begin XCConfigurationList section */
		37DA0BC727AA8B6C000A5D82 /* Build configuration list for PBXProject "Heroes" */ = {
			isa = XCConfigurationList;
			buildConfigurations = (
				37DA0BF427AA8B6D000A5D82 /* Debug */,
				37DA0BF527AA8B6D000A5D82 /* Release */,
			);
			defaultConfigurationIsVisible = 0;
			defaultConfigurationName = Release;
		};
		37DA0BF627AA8B6D000A5D82 /* Build configuration list for PBXNativeTarget "Heroes" */ = {
			isa = XCConfigurationList;
			buildConfigurations = (
				37DA0BF727AA8B6D000A5D82 /* Debug */,
				37DA0BF827AA8B6D000A5D82 /* Release */,
			);
			defaultConfigurationIsVisible = 0;
			defaultConfigurationName = Release;
		};
		37DA0BF927AA8B6D000A5D82 /* Build configuration list for PBXNativeTarget "HeroesTests" */ = {
			isa = XCConfigurationList;
			buildConfigurations = (
				37DA0BFA27AA8B6D000A5D82 /* Debug */,
				37DA0BFB27AA8B6D000A5D82 /* Release */,
			);
			defaultConfigurationIsVisible = 0;
			defaultConfigurationName = Release;
		};
		37DA0BFC27AA8B6D000A5D82 /* Build configuration list for PBXNativeTarget "HeroesUITests" */ = {
			isa = XCConfigurationList;
			buildConfigurations = (
				37DA0BFD27AA8B6D000A5D82 /* Debug */,
				37DA0BFE27AA8B6D000A5D82 /* Release */,
			);
			defaultConfigurationIsVisible = 0;
			defaultConfigurationName = Release;
		};
/* End XCConfigurationList section */

/* Begin XCRemoteSwiftPackageReference section */
		37DA0C1327AAB67F000A5D82 /* XCRemoteSwiftPackageReference "SDWebImage" */ = {
			isa = XCRemoteSwiftPackageReference;
			repositoryURL = "https://github.com/SDWebImage/SDWebImage";
			requirement = {
				kind = upToNextMajorVersion;
				minimumVersion = 5.0.0;
			};
		};
/* End XCRemoteSwiftPackageReference section */

/* Begin XCSwiftPackageProductDependency section */
		37DA0C1427AAB67F000A5D82 /* SDWebImage */ = {
			isa = XCSwiftPackageProductDependency;
			package = 37DA0C1327AAB67F000A5D82 /* XCRemoteSwiftPackageReference "SDWebImage" */;
			productName = SDWebImage;
		};
/* End XCSwiftPackageProductDependency section */
	};
	rootObject = 37DA0BC427AA8B6C000A5D82 /* Project object */;
}
